// !$*UTF8*$!
{
	archiveVersion = 1;
	classes = {
	};
	objectVersion = 46;
	objects = {

/* Begin PBXBuildFile section */
		34E28913DDB9012C264B0D01 /* Pods_AirArtTests.framework in Frameworks */ = {isa = PBXBuildFile; fileRef = 3E860A6B476FE0E3A8873A14 /* Pods_AirArtTests.framework */; };
		4011AFA61D96BA7300F7BE5B /* AppDelegate.swift in Sources */ = {isa = PBXBuildFile; fileRef = 4011AFA51D96BA7300F7BE5B /* AppDelegate.swift */; };
		4011AFA81D96BA7300F7BE5B /* ViewController.swift in Sources */ = {isa = PBXBuildFile; fileRef = 4011AFA71D96BA7300F7BE5B /* ViewController.swift */; };
		4011AFAB1D96BA7300F7BE5B /* Main.storyboard in Resources */ = {isa = PBXBuildFile; fileRef = 4011AFA91D96BA7300F7BE5B /* Main.storyboard */; };
		4011AFAD1D96BA7300F7BE5B /* Assets.xcassets in Resources */ = {isa = PBXBuildFile; fileRef = 4011AFAC1D96BA7300F7BE5B /* Assets.xcassets */; };
		4011AFB01D96BA7300F7BE5B /* LaunchScreen.storyboard in Resources */ = {isa = PBXBuildFile; fileRef = 4011AFAE1D96BA7300F7BE5B /* LaunchScreen.storyboard */; };
		4011AFBB1D96BA7300F7BE5B /* AirArtTests.swift in Sources */ = {isa = PBXBuildFile; fileRef = 4011AFBA1D96BA7300F7BE5B /* AirArtTests.swift */; };
		40A0D3191D96F22D001024EF /* Point.swift in Sources */ = {isa = PBXBuildFile; fileRef = 40A0D3181D96F22D001024EF /* Point.swift */; };
		8793969EC5D5ABF468D8D0EF /* Pods_AirArt.framework in Frameworks */ = {isa = PBXBuildFile; fileRef = 3E3D89ECA244E198B83B2493 /* Pods_AirArt.framework */; };
/* End PBXBuildFile section */

/* Begin PBXContainerItemProxy section */
		4011AFB71D96BA7300F7BE5B /* PBXContainerItemProxy */ = {
			isa = PBXContainerItemProxy;
			containerPortal = 4011AF9A1D96BA7300F7BE5B /* Project object */;
			proxyType = 1;
			remoteGlobalIDString = 4011AFA11D96BA7300F7BE5B;
			remoteInfo = AirArt;
		};
/* End PBXContainerItemProxy section */

/* Begin PBXFileReference section */
		38D54C330F4A7DBF84DDF9C8 /* Pods-AirArt.debug.xcconfig */ = {isa = PBXFileReference; includeInIndex = 1; lastKnownFileType = text.xcconfig; name = "Pods-AirArt.debug.xcconfig"; path = "Pods/Target Support Files/Pods-AirArt/Pods-AirArt.debug.xcconfig"; sourceTree = "<group>"; };
		3E3D89ECA244E198B83B2493 /* Pods_AirArt.framework */ = {isa = PBXFileReference; explicitFileType = wrapper.framework; includeInIndex = 0; path = Pods_AirArt.framework; sourceTree = BUILT_PRODUCTS_DIR; };
		3E860A6B476FE0E3A8873A14 /* Pods_AirArtTests.framework */ = {isa = PBXFileReference; explicitFileType = wrapper.framework; includeInIndex = 0; path = Pods_AirArtTests.framework; sourceTree = BUILT_PRODUCTS_DIR; };
		4011AFA21D96BA7300F7BE5B /* AirArt.app */ = {isa = PBXFileReference; explicitFileType = wrapper.application; includeInIndex = 0; path = AirArt.app; sourceTree = BUILT_PRODUCTS_DIR; };
		4011AFA51D96BA7300F7BE5B /* AppDelegate.swift */ = {isa = PBXFileReference; lastKnownFileType = sourcecode.swift; path = AppDelegate.swift; sourceTree = "<group>"; };
		4011AFA71D96BA7300F7BE5B /* ViewController.swift */ = {isa = PBXFileReference; lastKnownFileType = sourcecode.swift; path = ViewController.swift; sourceTree = "<group>"; };
		4011AFAA1D96BA7300F7BE5B /* Base */ = {isa = PBXFileReference; lastKnownFileType = file.storyboard; name = Base; path = Base.lproj/Main.storyboard; sourceTree = "<group>"; };
		4011AFAC1D96BA7300F7BE5B /* Assets.xcassets */ = {isa = PBXFileReference; lastKnownFileType = folder.assetcatalog; path = Assets.xcassets; sourceTree = "<group>"; };
		4011AFAF1D96BA7300F7BE5B /* Base */ = {isa = PBXFileReference; lastKnownFileType = file.storyboard; name = Base; path = Base.lproj/LaunchScreen.storyboard; sourceTree = "<group>"; };
		4011AFB11D96BA7300F7BE5B /* Info.plist */ = {isa = PBXFileReference; lastKnownFileType = text.plist.xml; path = Info.plist; sourceTree = "<group>"; };
		4011AFB61D96BA7300F7BE5B /* AirArtTests.xctest */ = {isa = PBXFileReference; explicitFileType = wrapper.cfbundle; includeInIndex = 0; path = AirArtTests.xctest; sourceTree = BUILT_PRODUCTS_DIR; };
		4011AFBA1D96BA7300F7BE5B /* AirArtTests.swift */ = {isa = PBXFileReference; lastKnownFileType = sourcecode.swift; path = AirArtTests.swift; sourceTree = "<group>"; };
		4011AFBC1D96BA7300F7BE5B /* Info.plist */ = {isa = PBXFileReference; lastKnownFileType = text.plist.xml; path = Info.plist; sourceTree = "<group>"; };
		40A0D3181D96F22D001024EF /* Point.swift */ = {isa = PBXFileReference; fileEncoding = 4; lastKnownFileType = sourcecode.swift; path = Point.swift; sourceTree = "<group>"; };
		4A9DEF4053905E5473D1E373 /* Pods-AirArtTests.release.xcconfig */ = {isa = PBXFileReference; includeInIndex = 1; lastKnownFileType = text.xcconfig; name = "Pods-AirArtTests.release.xcconfig"; path = "Pods/Target Support Files/Pods-AirArtTests/Pods-AirArtTests.release.xcconfig"; sourceTree = "<group>"; };
		4C066F3C39C3816D8FA7965F /* Pods-AirArt.release.xcconfig */ = {isa = PBXFileReference; includeInIndex = 1; lastKnownFileType = text.xcconfig; name = "Pods-AirArt.release.xcconfig"; path = "Pods/Target Support Files/Pods-AirArt/Pods-AirArt.release.xcconfig"; sourceTree = "<group>"; };
		EE60BD86CF863D2A2805E530 /* Pods-AirArtTests.debug.xcconfig */ = {isa = PBXFileReference; includeInIndex = 1; lastKnownFileType = text.xcconfig; name = "Pods-AirArtTests.debug.xcconfig"; path = "Pods/Target Support Files/Pods-AirArtTests/Pods-AirArtTests.debug.xcconfig"; sourceTree = "<group>"; };
/* End PBXFileReference section */

/* Begin PBXFrameworksBuildPhase section */
		4011AF9F1D96BA7300F7BE5B /* Frameworks */ = {
			isa = PBXFrameworksBuildPhase;
			buildActionMask = 2147483647;
			files = (
				8793969EC5D5ABF468D8D0EF /* Pods_AirArt.framework in Frameworks */,
			);
			runOnlyForDeploymentPostprocessing = 0;
		};
		4011AFB31D96BA7300F7BE5B /* Frameworks */ = {
			isa = PBXFrameworksBuildPhase;
			buildActionMask = 2147483647;
			files = (
				34E28913DDB9012C264B0D01 /* Pods_AirArtTests.framework in Frameworks */,
			);
			runOnlyForDeploymentPostprocessing = 0;
		};
/* End PBXFrameworksBuildPhase section */

/* Begin PBXGroup section */
		1F415C89A73171C6B8CB4426 /* Frameworks */ = {
			isa = PBXGroup;
			children = (
				3E3D89ECA244E198B83B2493 /* Pods_AirArt.framework */,
				3E860A6B476FE0E3A8873A14 /* Pods_AirArtTests.framework */,
			);
			name = Frameworks;
			sourceTree = "<group>";
		};
		4011AF991D96BA7300F7BE5B = {
			isa = PBXGroup;
			children = (
				4011AFA41D96BA7300F7BE5B /* AirArt */,
				4011AFB91D96BA7300F7BE5B /* AirArtTests */,
				4011AFA31D96BA7300F7BE5B /* Products */,
				BEC031ECC4DEDB3D4F559BF0 /* Pods */,
				1F415C89A73171C6B8CB4426 /* Frameworks */,
			);
			sourceTree = "<group>";
		};
		4011AFA31D96BA7300F7BE5B /* Products */ = {
			isa = PBXGroup;
			children = (
				4011AFA21D96BA7300F7BE5B /* AirArt.app */,
				4011AFB61D96BA7300F7BE5B /* AirArtTests.xctest */,
			);
			name = Products;
			sourceTree = "<group>";
		};
		4011AFA41D96BA7300F7BE5B /* AirArt */ = {
			isa = PBXGroup;
			children = (
				4011AFA51D96BA7300F7BE5B /* AppDelegate.swift */,
				4084AE001D96C53C00B812DE /* Storyboards */,
				40A0D3171D96F209001024EF /* Models */,
				4084AE011D96C54200B812DE /* View Controllers */,
				4084ADFF1D96C53100B812DE /* Resources */,
				4084ADFE1D96C52600B812DE /* Supporting Files */,
			);
			path = AirArt;
			sourceTree = "<group>";
		};
		4011AFB91D96BA7300F7BE5B /* AirArtTests */ = {
			isa = PBXGroup;
			children = (
				4011AFBA1D96BA7300F7BE5B /* AirArtTests.swift */,
				4011AFBC1D96BA7300F7BE5B /* Info.plist */,
			);
			path = AirArtTests;
			sourceTree = "<group>";
		};
		4084ADFE1D96C52600B812DE /* Supporting Files */ = {
			isa = PBXGroup;
			children = (
				4011AFB11D96BA7300F7BE5B /* Info.plist */,
			);
			name = "Supporting Files";
			sourceTree = "<group>";
		};
		4084ADFF1D96C53100B812DE /* Resources */ = {
			isa = PBXGroup;
			children = (
				4011AFAC1D96BA7300F7BE5B /* Assets.xcassets */,
			);
			name = Resources;
			sourceTree = "<group>";
		};
		4084AE001D96C53C00B812DE /* Storyboards */ = {
			isa = PBXGroup;
			children = (
				4011AFAE1D96BA7300F7BE5B /* LaunchScreen.storyboard */,
				4011AFA91D96BA7300F7BE5B /* Main.storyboard */,
			);
			name = Storyboards;
			sourceTree = "<group>";
		};
		4084AE011D96C54200B812DE /* View Controllers */ = {
			isa = PBXGroup;
			children = (
				4011AFA71D96BA7300F7BE5B /* ViewController.swift */,
			);
			name = "View Controllers";
			sourceTree = "<group>";
		};
		40A0D3171D96F209001024EF /* Models */ = {
			isa = PBXGroup;
			children = (
				40A0D3181D96F22D001024EF /* Point.swift */,
			);
			name = Models;
			sourceTree = "<group>";
		};
		BEC031ECC4DEDB3D4F559BF0 /* Pods */ = {
			isa = PBXGroup;
			children = (
				38D54C330F4A7DBF84DDF9C8 /* Pods-AirArt.debug.xcconfig */,
				4C066F3C39C3816D8FA7965F /* Pods-AirArt.release.xcconfig */,
				EE60BD86CF863D2A2805E530 /* Pods-AirArtTests.debug.xcconfig */,
				4A9DEF4053905E5473D1E373 /* Pods-AirArtTests.release.xcconfig */,
			);
			name = Pods;
			sourceTree = "<group>";
		};
/* End PBXGroup section */

/* Begin PBXNativeTarget section */
		4011AFA11D96BA7300F7BE5B /* AirArt */ = {
			isa = PBXNativeTarget;
			buildConfigurationList = 4011AFBF1D96BA7300F7BE5B /* Build configuration list for PBXNativeTarget "AirArt" */;
			buildPhases = (
				DF38E2B4335BA6A85024A0AC /* [CP] Check Pods Manifest.lock */,
				4011AF9E1D96BA7300F7BE5B /* Sources */,
				4011AF9F1D96BA7300F7BE5B /* Frameworks */,
				4011AFA01D96BA7300F7BE5B /* Resources */,
				40E6F3AC1D972FCE00E92C6F /* Run Script */,
				84E8EA5BB2ECC1EFCAFE8A89 /* [CP] Embed Pods Frameworks */,
				B0735A9812F03BBAA5CC276E /* [CP] Copy Pods Resources */,
			);
			buildRules = (
			);
			dependencies = (
			);
			name = AirArt;
			productName = AirArt;
			productReference = 4011AFA21D96BA7300F7BE5B /* AirArt.app */;
			productType = "com.apple.product-type.application";
		};
		4011AFB51D96BA7300F7BE5B /* AirArtTests */ = {
			isa = PBXNativeTarget;
			buildConfigurationList = 4011AFC21D96BA7300F7BE5B /* Build configuration list for PBXNativeTarget "AirArtTests" */;
			buildPhases = (
				547FC36A393B8B312FC93E24 /* [CP] Check Pods Manifest.lock */,
				4011AFB21D96BA7300F7BE5B /* Sources */,
				4011AFB31D96BA7300F7BE5B /* Frameworks */,
				4011AFB41D96BA7300F7BE5B /* Resources */,
				23C5F7E6CD7723C56131EE0C /* [CP] Embed Pods Frameworks */,
				B1197FF38232B03E7152D55E /* [CP] Copy Pods Resources */,
			);
			buildRules = (
			);
			dependencies = (
				4011AFB81D96BA7300F7BE5B /* PBXTargetDependency */,
			);
			name = AirArtTests;
			productName = AirArtTests;
			productReference = 4011AFB61D96BA7300F7BE5B /* AirArtTests.xctest */;
			productType = "com.apple.product-type.bundle.unit-test";
		};
/* End PBXNativeTarget section */

/* Begin PBXProject section */
		4011AF9A1D96BA7300F7BE5B /* Project object */ = {
			isa = PBXProject;
			attributes = {
				LastSwiftUpdateCheck = 0800;
				LastUpgradeCheck = 0800;
				ORGANIZATIONNAME = Adi;
				TargetAttributes = {
					4011AFA11D96BA7300F7BE5B = {
						CreatedOnToolsVersion = 8.0;
						DevelopmentTeam = 8Z7UYP6FP8;
						LastSwiftMigration = 0800;
						ProvisioningStyle = Automatic;
					};
					4011AFB51D96BA7300F7BE5B = {
						CreatedOnToolsVersion = 8.0;
						LastSwiftMigration = 0800;
						ProvisioningStyle = Automatic;
						TestTargetID = 4011AFA11D96BA7300F7BE5B;
					};
				};
			};
			buildConfigurationList = 4011AF9D1D96BA7300F7BE5B /* Build configuration list for PBXProject "AirArt" */;
			compatibilityVersion = "Xcode 3.2";
			developmentRegion = English;
			hasScannedForEncodings = 0;
			knownRegions = (
				en,
				Base,
			);
			mainGroup = 4011AF991D96BA7300F7BE5B;
			productRefGroup = 4011AFA31D96BA7300F7BE5B /* Products */;
			projectDirPath = "";
			projectRoot = "";
			targets = (
				4011AFA11D96BA7300F7BE5B /* AirArt */,
				4011AFB51D96BA7300F7BE5B /* AirArtTests */,
			);
		};
/* End PBXProject section */

/* Begin PBXResourcesBuildPhase section */
		4011AFA01D96BA7300F7BE5B /* Resources */ = {
			isa = PBXResourcesBuildPhase;
			buildActionMask = 2147483647;
			files = (
				4011AFB01D96BA7300F7BE5B /* LaunchScreen.storyboard in Resources */,
				4011AFAD1D96BA7300F7BE5B /* Assets.xcassets in Resources */,
				4011AFAB1D96BA7300F7BE5B /* Main.storyboard in Resources */,
			);
			runOnlyForDeploymentPostprocessing = 0;
		};
		4011AFB41D96BA7300F7BE5B /* Resources */ = {
			isa = PBXResourcesBuildPhase;
			buildActionMask = 2147483647;
			files = (
			);
			runOnlyForDeploymentPostprocessing = 0;
		};
/* End PBXResourcesBuildPhase section */

/* Begin PBXShellScriptBuildPhase section */
		23C5F7E6CD7723C56131EE0C /* [CP] Embed Pods Frameworks */ = {
			isa = PBXShellScriptBuildPhase;
			buildActionMask = 2147483647;
			files = (
			);
			inputPaths = (
			);
			name = "[CP] Embed Pods Frameworks";
			outputPaths = (
			);
			runOnlyForDeploymentPostprocessing = 0;
			shellPath = /bin/sh;
			shellScript = "\"${SRCROOT}/Pods/Target Support Files/Pods-AirArtTests/Pods-AirArtTests-frameworks.sh\"\n";
			showEnvVarsInLog = 0;
		};
		40E6F3AC1D972FCE00E92C6F /* Run Script */ = {
			isa = PBXShellScriptBuildPhase;
			buildActionMask = 2147483647;
			files = (
			);
			inputPaths = (
			);
			name = "Run Script";
			outputPaths = (
			);
			runOnlyForDeploymentPostprocessing = 0;
			shellPath = /bin/sh;
			shellScript = "if which swiftlint >/dev/null; then\n    swiftlint\nelse\n    echo \"warning: SwiftLint not installed, download from https://github.com/realm/SwiftLint\"\nfi";
		};
		547FC36A393B8B312FC93E24 /* [CP] Check Pods Manifest.lock */ = {
			isa = PBXShellScriptBuildPhase;
			buildActionMask = 2147483647;
			files = (
			);
			inputPaths = (
			);
			name = "[CP] Check Pods Manifest.lock";
			outputPaths = (
			);
			runOnlyForDeploymentPostprocessing = 0;
			shellPath = /bin/sh;
			shellScript = "diff \"${PODS_ROOT}/../Podfile.lock\" \"${PODS_ROOT}/Manifest.lock\" > /dev/null\nif [[ $? != 0 ]] ; then\n    cat << EOM\nerror: The sandbox is not in sync with the Podfile.lock. Run 'pod install' or update your CocoaPods installation.\nEOM\n    exit 1\nfi\n";
			showEnvVarsInLog = 0;
		};
		84E8EA5BB2ECC1EFCAFE8A89 /* [CP] Embed Pods Frameworks */ = {
			isa = PBXShellScriptBuildPhase;
			buildActionMask = 2147483647;
			files = (
			);
			inputPaths = (
			);
			name = "[CP] Embed Pods Frameworks";
			outputPaths = (
			);
			runOnlyForDeploymentPostprocessing = 0;
			shellPath = /bin/sh;
			shellScript = "\"${SRCROOT}/Pods/Target Support Files/Pods-AirArt/Pods-AirArt-frameworks.sh\"\n";
			showEnvVarsInLog = 0;
		};
		B0735A9812F03BBAA5CC276E /* [CP] Copy Pods Resources */ = {
			isa = PBXShellScriptBuildPhase;
			buildActionMask = 2147483647;
			files = (
			);
			inputPaths = (
			);
			name = "[CP] Copy Pods Resources";
			outputPaths = (
			);
			runOnlyForDeploymentPostprocessing = 0;
			shellPath = /bin/sh;
			shellScript = "\"${SRCROOT}/Pods/Target Support Files/Pods-AirArt/Pods-AirArt-resources.sh\"\n";
			showEnvVarsInLog = 0;
		};
		B1197FF38232B03E7152D55E /* [CP] Copy Pods Resources */ = {
			isa = PBXShellScriptBuildPhase;
			buildActionMask = 2147483647;
			files = (
			);
			inputPaths = (
			);
			name = "[CP] Copy Pods Resources";
			outputPaths = (
			);
			runOnlyForDeploymentPostprocessing = 0;
			shellPath = /bin/sh;
			shellScript = "\"${SRCROOT}/Pods/Target Support Files/Pods-AirArtTests/Pods-AirArtTests-resources.sh\"\n";
			showEnvVarsInLog = 0;
		};
		DF38E2B4335BA6A85024A0AC /* [CP] Check Pods Manifest.lock */ = {
			isa = PBXShellScriptBuildPhase;
			buildActionMask = 2147483647;
			files = (
			);
			inputPaths = (
			);
			name = "[CP] Check Pods Manifest.lock";
			outputPaths = (
			);
			runOnlyForDeploymentPostprocessing = 0;
			shellPath = /bin/sh;
			shellScript = "diff \"${PODS_ROOT}/../Podfile.lock\" \"${PODS_ROOT}/Manifest.lock\" > /dev/null\nif [[ $? != 0 ]] ; then\n    cat << EOM\nerror: The sandbox is not in sync with the Podfile.lock. Run 'pod install' or update your CocoaPods installation.\nEOM\n    exit 1\nfi\n";
			showEnvVarsInLog = 0;
		};
/* End PBXShellScriptBuildPhase section */

/* Begin PBXSourcesBuildPhase section */
		4011AF9E1D96BA7300F7BE5B /* Sources */ = {
			isa = PBXSourcesBuildPhase;
			buildActionMask = 2147483647;
			files = (
				4011AFA81D96BA7300F7BE5B /* ViewController.swift in Sources */,
				4011AFA61D96BA7300F7BE5B /* AppDelegate.swift in Sources */,
				40A0D3191D96F22D001024EF /* Point.swift in Sources */,
			);
			runOnlyForDeploymentPostprocessing = 0;
		};
		4011AFB21D96BA7300F7BE5B /* Sources */ = {
			isa = PBXSourcesBuildPhase;
			buildActionMask = 2147483647;
			files = (
				4011AFBB1D96BA7300F7BE5B /* AirArtTests.swift in Sources */,
			);
			runOnlyForDeploymentPostprocessing = 0;
		};
/* End PBXSourcesBuildPhase section */

/* Begin PBXTargetDependency section */
		4011AFB81D96BA7300F7BE5B /* PBXTargetDependency */ = {
			isa = PBXTargetDependency;
			target = 4011AFA11D96BA7300F7BE5B /* AirArt */;
			targetProxy = 4011AFB71D96BA7300F7BE5B /* PBXContainerItemProxy */;
		};
/* End PBXTargetDependency section */

/* Begin PBXVariantGroup section */
		4011AFA91D96BA7300F7BE5B /* Main.storyboard */ = {
			isa = PBXVariantGroup;
			children = (
				4011AFAA1D96BA7300F7BE5B /* Base */,
			);
			name = Main.storyboard;
			sourceTree = "<group>";
		};
		4011AFAE1D96BA7300F7BE5B /* LaunchScreen.storyboard */ = {
			isa = PBXVariantGroup;
			children = (
				4011AFAF1D96BA7300F7BE5B /* Base */,
			);
			name = LaunchScreen.storyboard;
			sourceTree = "<group>";
		};
/* End PBXVariantGroup section */

/* Begin XCBuildConfiguration section */
		4011AFBD1D96BA7300F7BE5B /* Debug */ = {
			isa = XCBuildConfiguration;
			buildSettings = {
				ALWAYS_SEARCH_USER_PATHS = NO;
				CLANG_ANALYZER_NONNULL = YES;
				CLANG_CXX_LANGUAGE_STANDARD = "gnu++0x";
				CLANG_CXX_LIBRARY = "libc++";
				CLANG_ENABLE_MODULES = YES;
				CLANG_ENABLE_OBJC_ARC = YES;
				CLANG_WARN_BOOL_CONVERSION = YES;
				CLANG_WARN_CONSTANT_CONVERSION = YES;
				CLANG_WARN_DIRECT_OBJC_ISA_USAGE = YES_ERROR;
				CLANG_WARN_DOCUMENTATION_COMMENTS = YES;
				CLANG_WARN_EMPTY_BODY = YES;
				CLANG_WARN_ENUM_CONVERSION = YES;
				CLANG_WARN_INFINITE_RECURSION = YES;
				CLANG_WARN_INT_CONVERSION = YES;
				CLANG_WARN_OBJC_ROOT_CLASS = YES_ERROR;
				CLANG_WARN_SUSPICIOUS_MOVE = YES;
				CLANG_WARN_SUSPICIOUS_MOVES = YES;
				CLANG_WARN_UNREACHABLE_CODE = YES;
				CLANG_WARN__DUPLICATE_METHOD_MATCH = YES;
				"CODE_SIGN_IDENTITY[sdk=iphoneos*]" = "iPhone Developer";
				COPY_PHASE_STRIP = NO;
				DEBUG_INFORMATION_FORMAT = dwarf;
				ENABLE_STRICT_OBJC_MSGSEND = YES;
				ENABLE_TESTABILITY = YES;
				GCC_C_LANGUAGE_STANDARD = gnu99;
				GCC_DYNAMIC_NO_PIC = NO;
				GCC_NO_COMMON_BLOCKS = YES;
				GCC_OPTIMIZATION_LEVEL = 0;
				GCC_PREPROCESSOR_DEFINITIONS = (
					"DEBUG=1",
					"$(inherited)",
				);
				GCC_WARN_64_TO_32_BIT_CONVERSION = YES;
				GCC_WARN_ABOUT_RETURN_TYPE = YES_ERROR;
				GCC_WARN_UNDECLARED_SELECTOR = YES;
				GCC_WARN_UNINITIALIZED_AUTOS = YES_AGGRESSIVE;
				GCC_WARN_UNUSED_FUNCTION = YES;
				GCC_WARN_UNUSED_VARIABLE = YES;
				IPHONEOS_DEPLOYMENT_TARGET = 10.0;
				MTL_ENABLE_DEBUG_INFO = YES;
				ONLY_ACTIVE_ARCH = YES;
				SDKROOT = iphoneos;
				SWIFT_ACTIVE_COMPILATION_CONDITIONS = DEBUG;
				SWIFT_OPTIMIZATION_LEVEL = "-Onone";
			};
			name = Debug;
		};
		4011AFBE1D96BA7300F7BE5B /* Release */ = {
			isa = XCBuildConfiguration;
			buildSettings = {
				ALWAYS_SEARCH_USER_PATHS = NO;
				CLANG_ANALYZER_NONNULL = YES;
				CLANG_CXX_LANGUAGE_STANDARD = "gnu++0x";
				CLANG_CXX_LIBRARY = "libc++";
				CLANG_ENABLE_MODULES = YES;
				CLANG_ENABLE_OBJC_ARC = YES;
				CLANG_WARN_BOOL_CONVERSION = YES;
				CLANG_WARN_CONSTANT_CONVERSION = YES;
				CLANG_WARN_DIRECT_OBJC_ISA_USAGE = YES_ERROR;
				CLANG_WARN_DOCUMENTATION_COMMENTS = YES;
				CLANG_WARN_EMPTY_BODY = YES;
				CLANG_WARN_ENUM_CONVERSION = YES;
				CLANG_WARN_INFINITE_RECURSION = YES;
				CLANG_WARN_INT_CONVERSION = YES;
				CLANG_WARN_OBJC_ROOT_CLASS = YES_ERROR;
				CLANG_WARN_SUSPICIOUS_MOVE = YES;
				CLANG_WARN_SUSPICIOUS_MOVES = YES;
				CLANG_WARN_UNREACHABLE_CODE = YES;
				CLANG_WARN__DUPLICATE_METHOD_MATCH = YES;
				"CODE_SIGN_IDENTITY[sdk=iphoneos*]" = "iPhone Developer";
				COPY_PHASE_STRIP = NO;
				DEBUG_INFORMATION_FORMAT = "dwarf-with-dsym";
				ENABLE_NS_ASSERTIONS = NO;
				ENABLE_STRICT_OBJC_MSGSEND = YES;
				GCC_C_LANGUAGE_STANDARD = gnu99;
				GCC_NO_COMMON_BLOCKS = YES;
				GCC_WARN_64_TO_32_BIT_CONVERSION = YES;
				GCC_WARN_ABOUT_RETURN_TYPE = YES_ERROR;
				GCC_WARN_UNDECLARED_SELECTOR = YES;
				GCC_WARN_UNINITIALIZED_AUTOS = YES_AGGRESSIVE;
				GCC_WARN_UNUSED_FUNCTION = YES;
				GCC_WARN_UNUSED_VARIABLE = YES;
				IPHONEOS_DEPLOYMENT_TARGET = 10.0;
				MTL_ENABLE_DEBUG_INFO = NO;
				SDKROOT = iphoneos;
				SWIFT_OPTIMIZATION_LEVEL = "-Owholemodule";
				VALIDATE_PRODUCT = YES;
			};
			name = Release;
		};
		4011AFC01D96BA7300F7BE5B /* Debug */ = {
			isa = XCBuildConfiguration;
			baseConfigurationReference = 38D54C330F4A7DBF84DDF9C8 /* Pods-AirArt.debug.xcconfig */;
			buildSettings = {
				ALWAYS_EMBED_SWIFT_STANDARD_LIBRARIES = YES;
				ASSETCATALOG_COMPILER_APPICON_NAME = AppIcon;
				"CODE_SIGN_IDENTITY[sdk=iphoneos*]" = "iPhone Developer";
				DEVELOPMENT_TEAM = 8Z7UYP6FP8;
				INFOPLIST_FILE = AirArt/Info.plist;
				LD_RUNPATH_SEARCH_PATHS = "$(inherited) @executable_path/Frameworks";
				PRODUCT_BUNDLE_IDENTIFIER = "com.aditya-school.AirArt";
				PRODUCT_NAME = "$(TARGET_NAME)";
				SWIFT_VERSION = 3.0;
			};
			name = Debug;
		};
		4011AFC11D96BA7300F7BE5B /* Release */ = {
			isa = XCBuildConfiguration;
			baseConfigurationReference = 4C066F3C39C3816D8FA7965F /* Pods-AirArt.release.xcconfig */;
			buildSettings = {
				ALWAYS_EMBED_SWIFT_STANDARD_LIBRARIES = YES;
				ASSETCATALOG_COMPILER_APPICON_NAME = AppIcon;
				"CODE_SIGN_IDENTITY[sdk=iphoneos*]" = "iPhone Developer";
				DEVELOPMENT_TEAM = 8Z7UYP6FP8;
				INFOPLIST_FILE = AirArt/Info.plist;
				LD_RUNPATH_SEARCH_PATHS = "$(inherited) @executable_path/Frameworks";
				PRODUCT_BUNDLE_IDENTIFIER = "com.aditya-school.AirArt";
				PRODUCT_NAME = "$(TARGET_NAME)";
				SWIFT_VERSION = 3.0;
			};
			name = Release;
		};
		4011AFC31D96BA7300F7BE5B /* Debug */ = {
			isa = XCBuildConfiguration;
			baseConfigurationReference = EE60BD86CF863D2A2805E530 /* Pods-AirArtTests.debug.xcconfig */;
			buildSettings = {
				ALWAYS_EMBED_SWIFT_STANDARD_LIBRARIES = YES;
				BUNDLE_LOADER = "$(TEST_HOST)";
				DEVELOPMENT_TEAM = "";
				INFOPLIST_FILE = AirArtTests/Info.plist;
				LD_RUNPATH_SEARCH_PATHS = "$(inherited) @executable_path/Frameworks @loader_path/Frameworks";
				PRODUCT_BUNDLE_IDENTIFIER = "com.aditya-ayyakad.AirArtTests";
				PRODUCT_NAME = "$(TARGET_NAME)";
				SWIFT_VERSION = 3.0;
				TEST_HOST = "$(BUILT_PRODUCTS_DIR)/AirArt.app/AirArt";
			};
			name = Debug;
		};
		4011AFC41D96BA7300F7BE5B /* Release */ = {
			isa = XCBuildConfiguration;
			baseConfigurationReference = 4A9DEF4053905E5473D1E373 /* Pods-AirArtTests.release.xcconfig */;
			buildSettings = {
				ALWAYS_EMBED_SWIFT_STANDARD_LIBRARIES = YES;
				BUNDLE_LOADER = "$(TEST_HOST)";
				DEVELOPMENT_TEAM = "";
				INFOPLIST_FILE = AirArtTests/Info.plist;
				LD_RUNPATH_SEARCH_PATHS = "$(inherited) @executable_path/Frameworks @loader_path/Frameworks";
				PRODUCT_BUNDLE_IDENTIFIER = "com.aditya-ayyakad.AirArtTests";
				PRODUCT_NAME = "$(TARGET_NAME)";
				SWIFT_VERSION = 3.0;
				TEST_HOST = "$(BUILT_PRODUCTS_DIR)/AirArt.app/AirArt";
			};
			name = Release;
		};
/* End XCBuildConfiguration section */

/* Begin XCConfigurationList section */
		4011AF9D1D96BA7300F7BE5B /* Build configuration list for PBXProject "AirArt" */ = {
			isa = XCConfigurationList;
			buildConfigurations = (
				4011AFBD1D96BA7300F7BE5B /* Debug */,
				4011AFBE1D96BA7300F7BE5B /* Release */,
			);
			defaultConfigurationIsVisible = 0;
			defaultConfigurationName = Release;
		};
		4011AFBF1D96BA7300F7BE5B /* Build configuration list for PBXNativeTarget "AirArt" */ = {
			isa = XCConfigurationList;
			buildConfigurations = (
				4011AFC01D96BA7300F7BE5B /* Debug */,
				4011AFC11D96BA7300F7BE5B /* Release */,
			);
			defaultConfigurationIsVisible = 0;
			defaultConfigurationName = Release;
		};
		4011AFC21D96BA7300F7BE5B /* Build configuration list for PBXNativeTarget "AirArtTests" */ = {
			isa = XCConfigurationList;
			buildConfigurations = (
				4011AFC31D96BA7300F7BE5B /* Debug */,
				4011AFC41D96BA7300F7BE5B /* Release */,
			);
			defaultConfigurationIsVisible = 0;
			defaultConfigurationName = Release;
		};
/* End XCConfigurationList section */
	};
	rootObject = 4011AF9A1D96BA7300F7BE5B /* Project object */;
}
